{
  "name": "create-bruh-template-vite-minimal",
  "lockfileVersion": 2,
  "requires": true,
  "packages": {
    "": {
      "name": "create-bruh-template-vite-minimal",
      "dependencies": {
        "bruh": "^1.6.0"
      },
      "devDependencies": {
        "vite": "^2.5.1"
      }
    },
    "node_modules/ansi-regex": {
      "version": "2.1.1",
      "license": "MIT",
      "optional": true,
      "engines": {
        "node": ">=0.10.0"
      }
    },
    "node_modules/aproba": {
      "version": "1.2.0",
      "license": "ISC",
      "optional": true
    },
    "node_modules/are-we-there-yet": {
      "version": "1.1.5",
      "license": "ISC",
      "optional": true,
      "dependencies": {
        "delegates": "^1.0.0",
        "readable-stream": "^2.0.6"
      }
    },
    "node_modules/base64-js": {
      "version": "1.5.1",
      "funding": [
        {
          "type": "github",
          "url": "https://github.com/sponsors/feross"
        },
        {
          "type": "patreon",
          "url": "https://www.patreon.com/feross"
        },
        {
          "type": "consulting",
          "url": "https://feross.org/support"
        }
      ],
      "license": "MIT",
      "optional": true
    },
    "node_modules/bl": {
      "version": "4.1.0",
      "license": "MIT",
      "optional": true,
      "dependencies": {
        "buffer": "^5.5.0",
        "inherits": "^2.0.4",
        "readable-stream": "^3.4.0"
      }
    },
    "node_modules/bl/node_modules/readable-stream": {
      "version": "3.6.0",
      "license": "MIT",
      "optional": true,
      "dependencies": {
        "inherits": "^2.0.3",
        "string_decoder": "^1.1.1",
        "util-deprecate": "^1.0.1"
      },
      "engines": {
        "node": ">= 6"
      }
    },
    "node_modules/bruh": {
      "version": "1.6.0",
      "license": "MIT",
      "bin": {
        "bruh": "src/cli/index.mjs"
      },
      "optionalDependencies": {
        "cac": "^6.7.3",
        "sharp": "^0.28.3"
      }
    },
    "node_modules/buffer": {
      "version": "5.7.1",
      "funding": [
        {
          "type": "github",
          "url": "https://github.com/sponsors/feross"
        },
        {
          "type": "patreon",
          "url": "https://www.patreon.com/feross"
        },
        {
          "type": "consulting",
          "url": "https://feross.org/support"
        }
      ],
      "license": "MIT",
      "optional": true,
      "dependencies": {
        "base64-js": "^1.3.1",
        "ieee754": "^1.1.13"
      }
    },
    "node_modules/cac": {
      "version": "6.7.3",
      "license": "MIT",
      "optional": true,
      "engines": {
        "node": ">=8"
      }
    },
    "node_modules/chownr": {
      "version": "1.1.4",
      "license": "ISC",
      "optional": true
    },
    "node_modules/code-point-at": {
      "version": "1.1.0",
      "license": "MIT",
      "optional": true,
      "engines": {
        "node": ">=0.10.0"
      }
    },
    "node_modules/color": {
      "version": "3.2.1",
      "license": "MIT",
      "optional": true,
      "dependencies": {
        "color-convert": "^1.9.3",
        "color-string": "^1.6.0"
      }
    },
    "node_modules/color-convert": {
      "version": "1.9.3",
      "license": "MIT",
      "optional": true,
      "dependencies": {
        "color-name": "1.1.3"
      }
    },
    "node_modules/color-name": {
      "version": "1.1.3",
      "license": "MIT",
      "optional": true
    },
    "node_modules/color-string": {
      "version": "1.6.0",
      "license": "MIT",
      "optional": true,
      "dependencies": {
        "color-name": "^1.0.0",
        "simple-swizzle": "^0.2.2"
      }
    },
    "node_modules/colorette": {
      "version": "1.3.0",
      "dev": true,
      "license": "MIT"
    },
    "node_modules/console-control-strings": {
      "version": "1.1.0",
      "license": "ISC",
      "optional": true
    },
    "node_modules/core-util-is": {
      "version": "1.0.2",
      "license": "MIT",
      "optional": true
    },
    "node_modules/decompress-response": {
      "version": "4.2.1",
      "license": "MIT",
      "optional": true,
      "dependencies": {
        "mimic-response": "^2.0.0"
      },
      "engines": {
        "node": ">=8"
      }
    },
    "node_modules/deep-extend": {
      "version": "0.6.0",
      "license": "MIT",
      "optional": true,
      "engines": {
        "node": ">=4.0.0"
      }
    },
    "node_modules/delegates": {
      "version": "1.0.0",
      "license": "MIT",
      "optional": true
    },
    "node_modules/detect-libc": {
      "version": "1.0.3",
      "license": "Apache-2.0",
      "optional": true,
      "bin": {
        "detect-libc": "bin/detect-libc.js"
      },
      "engines": {
        "node": ">=0.10"
      }
    },
    "node_modules/end-of-stream": {
      "version": "1.4.4",
      "license": "MIT",
      "optional": true,
      "dependencies": {
        "once": "^1.4.0"
      }
    },
    "node_modules/esbuild": {
      "version": "0.12.23",
      "dev": true,
      "hasInstallScript": true,
      "license": "MIT",
      "bin": {
        "esbuild": "bin/esbuild"
      }
    },
    "node_modules/expand-template": {
      "version": "2.0.3",
      "license": "(MIT OR WTFPL)",
      "optional": true,
      "engines": {
        "node": ">=6"
      }
    },
    "node_modules/fs-constants": {
      "version": "1.0.0",
      "license": "MIT",
      "optional": true
    },
    "node_modules/function-bind": {
      "version": "1.1.1",
      "dev": true,
      "license": "MIT"
    },
    "node_modules/gauge": {
      "version": "2.7.4",
      "license": "ISC",
      "optional": true,
      "dependencies": {
        "aproba": "^1.0.3",
        "console-control-strings": "^1.0.0",
        "has-unicode": "^2.0.0",
        "object-assign": "^4.1.0",
        "signal-exit": "^3.0.0",
        "string-width": "^1.0.1",
        "strip-ansi": "^3.0.1",
        "wide-align": "^1.1.0"
      }
    },
    "node_modules/github-from-package": {
      "version": "0.0.0",
      "license": "MIT",
      "optional": true
    },
    "node_modules/has": {
      "version": "1.0.3",
      "dev": true,
      "license": "MIT",
      "dependencies": {
        "function-bind": "^1.1.1"
      },
      "engines": {
        "node": ">= 0.4.0"
      }
    },
    "node_modules/has-unicode": {
      "version": "2.0.1",
      "license": "ISC",
      "optional": true
    },
    "node_modules/ieee754": {
      "version": "1.2.1",
      "funding": [
        {
          "type": "github",
          "url": "https://github.com/sponsors/feross"
        },
        {
          "type": "patreon",
          "url": "https://www.patreon.com/feross"
        },
        {
          "type": "consulting",
          "url": "https://feross.org/support"
        }
      ],
      "license": "BSD-3-Clause",
      "optional": true
    },
    "node_modules/inherits": {
      "version": "2.0.4",
      "license": "ISC",
      "optional": true
    },
    "node_modules/ini": {
      "version": "1.3.8",
      "license": "ISC",
      "optional": true
    },
    "node_modules/is-arrayish": {
      "version": "0.3.2",
      "license": "MIT",
      "optional": true
    },
    "node_modules/is-core-module": {
      "version": "2.4.0",
      "dev": true,
      "license": "MIT",
      "dependencies": {
        "has": "^1.0.3"
      },
      "funding": {
        "url": "https://github.com/sponsors/ljharb"
      }
    },
    "node_modules/is-fullwidth-code-point": {
      "version": "1.0.0",
      "license": "MIT",
      "optional": true,
      "dependencies": {
        "number-is-nan": "^1.0.0"
      },
      "engines": {
        "node": ">=0.10.0"
      }
    },
    "node_modules/isarray": {
      "version": "1.0.0",
      "license": "MIT",
      "optional": true
    },
    "node_modules/lru-cache": {
      "version": "6.0.0",
      "license": "ISC",
      "optional": true,
      "dependencies": {
        "yallist": "^4.0.0"
      },
      "engines": {
        "node": ">=10"
      }
    },
    "node_modules/mimic-response": {
      "version": "2.1.0",
      "license": "MIT",
      "optional": true,
      "engines": {
        "node": ">=8"
      },
      "funding": {
        "url": "https://github.com/sponsors/sindresorhus"
      }
    },
    "node_modules/minimist": {
      "version": "1.2.5",
      "license": "MIT",
      "optional": true
    },
    "node_modules/mkdirp-classic": {
      "version": "0.5.3",
      "license": "MIT",
      "optional": true
    },
    "node_modules/nanoid": {
      "version": "3.1.25",
      "dev": true,
      "license": "MIT",
      "bin": {
        "nanoid": "bin/nanoid.cjs"
      },
      "engines": {
        "node": "^10 || ^12 || ^13.7 || ^14 || >=15.0.1"
      }
    },
    "node_modules/napi-build-utils": {
      "version": "1.0.2",
      "license": "MIT",
      "optional": true
    },
    "node_modules/node-abi": {
      "version": "2.30.0",
      "license": "MIT",
      "optional": true,
      "dependencies": {
        "semver": "^5.4.1"
      }
    },
    "node_modules/node-abi/node_modules/semver": {
      "version": "5.7.1",
      "license": "ISC",
      "optional": true,
      "bin": {
        "semver": "bin/semver"
      }
    },
    "node_modules/node-addon-api": {
      "version": "3.2.1",
      "license": "MIT",
      "optional": true
    },
    "node_modules/npmlog": {
      "version": "4.1.2",
      "license": "ISC",
      "optional": true,
      "dependencies": {
        "are-we-there-yet": "~1.1.2",
        "console-control-strings": "~1.1.0",
        "gauge": "~2.7.3",
        "set-blocking": "~2.0.0"
      }
    },
    "node_modules/number-is-nan": {
      "version": "1.0.1",
      "license": "MIT",
      "optional": true,
      "engines": {
        "node": ">=0.10.0"
      }
    },
    "node_modules/object-assign": {
      "version": "4.1.1",
      "license": "MIT",
      "optional": true,
      "engines": {
        "node": ">=0.10.0"
      }
    },
    "node_modules/once": {
      "version": "1.4.0",
      "license": "ISC",
      "optional": true,
      "dependencies": {
        "wrappy": "1"
      }
    },
    "node_modules/path-parse": {
      "version": "1.0.7",
      "dev": true,
      "license": "MIT"
    },
    "node_modules/postcss": {
      "version": "8.3.6",
      "dev": true,
      "license": "MIT",
      "dependencies": {
        "colorette": "^1.2.2",
        "nanoid": "^3.1.23",
        "source-map-js": "^0.6.2"
      },
      "engines": {
        "node": "^10 || ^12 || >=14"
      },
      "funding": {
        "type": "opencollective",
        "url": "https://opencollective.com/postcss/"
      }
    },
    "node_modules/prebuild-install": {
      "version": "6.1.4",
      "license": "MIT",
      "optional": true,
      "dependencies": {
        "detect-libc": "^1.0.3",
        "expand-template": "^2.0.3",
        "github-from-package": "0.0.0",
        "minimist": "^1.2.3",
        "mkdirp-classic": "^0.5.3",
        "napi-build-utils": "^1.0.1",
        "node-abi": "^2.21.0",
        "npmlog": "^4.0.1",
        "pump": "^3.0.0",
        "rc": "^1.2.7",
        "simple-get": "^3.0.3",
        "tar-fs": "^2.0.0",
        "tunnel-agent": "^0.6.0"
      },
      "bin": {
        "prebuild-install": "bin.js"
      },
      "engines": {
        "node": ">=6"
      }
    },
    "node_modules/process-nextick-args": {
      "version": "2.0.1",
      "license": "MIT",
      "optional": true
    },
    "node_modules/pump": {
      "version": "3.0.0",
      "license": "MIT",
      "optional": true,
      "dependencies": {
        "end-of-stream": "^1.1.0",
        "once": "^1.3.1"
      }
    },
    "node_modules/rc": {
      "version": "1.2.8",
      "license": "(BSD-2-Clause OR MIT OR Apache-2.0)",
      "optional": true,
      "dependencies": {
        "deep-extend": "^0.6.0",
        "ini": "~1.3.0",
        "minimist": "^1.2.0",
        "strip-json-comments": "~2.0.1"
      },
      "bin": {
        "rc": "cli.js"
      }
    },
    "node_modules/readable-stream": {
      "version": "2.3.7",
      "license": "MIT",
      "optional": true,
      "dependencies": {
        "core-util-is": "~1.0.0",
        "inherits": "~2.0.3",
        "isarray": "~1.0.0",
        "process-nextick-args": "~2.0.0",
        "safe-buffer": "~5.1.1",
        "string_decoder": "~1.1.1",
        "util-deprecate": "~1.0.1"
      }
    },
    "node_modules/resolve": {
      "version": "1.20.0",
      "dev": true,
      "license": "MIT",
      "dependencies": {
        "is-core-module": "^2.2.0",
        "path-parse": "^1.0.6"
      },
      "funding": {
        "url": "https://github.com/sponsors/ljharb"
      }
    },
    "node_modules/rollup": {
      "version": "2.52.7",
      "dev": true,
      "license": "MIT",
      "bin": {
        "rollup": "dist/bin/rollup"
      },
      "engines": {
        "node": ">=10.0.0"
      },
      "optionalDependencies": {
        "fsevents": "~2.3.2"
      }
    },
    "node_modules/safe-buffer": {
      "version": "5.1.2",
      "license": "MIT",
      "optional": true
    },
    "node_modules/semver": {
      "version": "7.3.5",
      "license": "ISC",
      "optional": true,
      "dependencies": {
        "lru-cache": "^6.0.0"
      },
      "bin": {
        "semver": "bin/semver.js"
      },
      "engines": {
        "node": ">=10"
      }
    },
    "node_modules/set-blocking": {
      "version": "2.0.0",
      "license": "ISC",
      "optional": true
    },
    "node_modules/sharp": {
      "version": "0.28.3",
      "hasInstallScript": true,
      "license": "Apache-2.0",
      "optional": true,
      "dependencies": {
        "color": "^3.1.3",
        "detect-libc": "^1.0.3",
        "node-addon-api": "^3.2.0",
        "prebuild-install": "^6.1.2",
        "semver": "^7.3.5",
        "simple-get": "^3.1.0",
        "tar-fs": "^2.1.1",
        "tunnel-agent": "^0.6.0"
      },
      "engines": {
        "node": ">=10"
      },
      "funding": {
        "url": "https://opencollective.com/libvips"
      }
    },
    "node_modules/signal-exit": {
      "version": "3.0.3",
      "license": "ISC",
      "optional": true
    },
    "node_modules/simple-concat": {
      "version": "1.0.1",
      "funding": [
        {
          "type": "github",
          "url": "https://github.com/sponsors/feross"
        },
        {
          "type": "patreon",
          "url": "https://www.patreon.com/feross"
        },
        {
          "type": "consulting",
          "url": "https://feross.org/support"
        }
      ],
      "license": "MIT",
      "optional": true
    },
    "node_modules/simple-get": {
      "version": "3.1.0",
      "license": "MIT",
      "optional": true,
      "dependencies": {
        "decompress-response": "^4.2.0",
        "once": "^1.3.1",
        "simple-concat": "^1.0.0"
      }
    },
    "node_modules/simple-swizzle": {
      "version": "0.2.2",
      "license": "MIT",
      "optional": true,
      "dependencies": {
        "is-arrayish": "^0.3.1"
      }
    },
    "node_modules/source-map-js": {
      "version": "0.6.2",
      "dev": true,
      "license": "BSD-3-Clause",
      "engines": {
        "node": ">=0.10.0"
      }
    },
    "node_modules/string_decoder": {
      "version": "1.1.1",
      "license": "MIT",
      "optional": true,
      "dependencies": {
        "safe-buffer": "~5.1.0"
      }
    },
    "node_modules/string-width": {
      "version": "1.0.2",
      "license": "MIT",
      "optional": true,
      "dependencies": {
        "code-point-at": "^1.0.0",
        "is-fullwidth-code-point": "^1.0.0",
        "strip-ansi": "^3.0.0"
      },
      "engines": {
        "node": ">=0.10.0"
      }
    },
    "node_modules/strip-ansi": {
      "version": "3.0.1",
      "license": "MIT",
      "optional": true,
      "dependencies": {
        "ansi-regex": "^2.0.0"
      },
      "engines": {
        "node": ">=0.10.0"
      }
    },
    "node_modules/strip-json-comments": {
      "version": "2.0.1",
      "license": "MIT",
      "optional": true,
      "engines": {
        "node": ">=0.10.0"
      }
    },
    "node_modules/tar-fs": {
      "version": "2.1.1",
      "license": "MIT",
      "optional": true,
      "dependencies": {
        "chownr": "^1.1.1",
        "mkdirp-classic": "^0.5.2",
        "pump": "^3.0.0",
        "tar-stream": "^2.1.4"
      }
    },
    "node_modules/tar-stream": {
      "version": "2.2.0",
      "license": "MIT",
      "optional": true,
      "dependencies": {
        "bl": "^4.0.3",
        "end-of-stream": "^1.4.1",
        "fs-constants": "^1.0.0",
        "inherits": "^2.0.3",
        "readable-stream": "^3.1.1"
      },
      "engines": {
        "node": ">=6"
      }
    },
    "node_modules/tar-stream/node_modules/readable-stream": {
      "version": "3.6.0",
      "license": "MIT",
      "optional": true,
      "dependencies": {
        "inherits": "^2.0.3",
        "string_decoder": "^1.1.1",
        "util-deprecate": "^1.0.1"
      },
      "engines": {
        "node": ">= 6"
      }
    },
    "node_modules/tunnel-agent": {
      "version": "0.6.0",
      "license": "Apache-2.0",
      "optional": true,
      "dependencies": {
        "safe-buffer": "^5.0.1"
      },
      "engines": {
        "node": "*"
      }
    },
    "node_modules/util-deprecate": {
      "version": "1.0.2",
      "license": "MIT",
      "optional": true
    },
    "node_modules/vite": {
      "version": "2.5.1",
      "dev": true,
      "license": "MIT",
      "dependencies": {
        "esbuild": "^0.12.17",
        "postcss": "^8.3.6",
        "resolve": "^1.20.0",
        "rollup": "^2.38.5"
      },
      "bin": {
        "vite": "bin/vite.js"
      },
      "engines": {
        "node": ">=12.2.0"
      },
      "optionalDependencies": {
        "fsevents": "~2.3.2"
      }
    },
    "node_modules/wide-align": {
      "version": "1.1.3",
      "license": "ISC",
      "optional": true,
      "dependencies": {
        "string-width": "^1.0.2 || 2"
      }
    },
    "node_modules/wrappy": {
      "version": "1.0.2",
      "license": "ISC",
      "optional": true
    },
    "node_modules/yallist": {
      "version": "4.0.0",
      "license": "ISC",
      "optional": true
    }
  },
  "dependencies": {
    "ansi-regex": {
      "version": "2.1.1",
      "optional": true
    },
    "aproba": {
      "version": "1.2.0",
      "optional": true
    },
    "are-we-there-yet": {
      "version": "1.1.5",
      "optional": true,
      "requires": {
        "delegates": "^1.0.0",
        "readable-stream": "^2.0.6"
      }
    },
    "base64-js": {
      "version": "1.5.1",
      "optional": true
    },
    "bl": {
      "version": "4.1.0",
      "optional": true,
      "requires": {
        "buffer": "^5.5.0",
        "inherits": "^2.0.4",
        "readable-stream": "^3.4.0"
      },
      "dependencies": {
        "readable-stream": {
          "version": "3.6.0",
          "optional": true,
          "requires": {
            "inherits": "^2.0.3",
            "string_decoder": "^1.1.1",
            "util-deprecate": "^1.0.1"
          }
        }
      }
    },
    "bruh": {
      "version": "1.6.0",
      "requires": {
        "cac": "^6.7.3",
        "sharp": "^0.28.3"
      }
    },
    "buffer": {
      "version": "5.7.1",
      "optional": true,
      "requires": {
        "base64-js": "^1.3.1",
        "ieee754": "^1.1.13"
      }
    },
    "cac": {
      "version": "6.7.3",
      "optional": true
    },
    "chownr": {
      "version": "1.1.4",
      "optional": true
    },
    "code-point-at": {
      "version": "1.1.0",
      "optional": true
    },
    "color": {
      "version": "3.2.1",
      "optional": true,
      "requires": {
        "color-convert": "^1.9.3",
        "color-string": "^1.6.0"
      }
    },
    "color-convert": {
      "version": "1.9.3",
      "optional": true,
      "requires": {
        "color-name": "1.1.3"
      }
    },
    "color-name": {
      "version": "1.1.3",
      "optional": true
    },
    "color-string": {
      "version": "1.6.0",
      "optional": true,
      "requires": {
        "color-name": "^1.0.0",
        "simple-swizzle": "^0.2.2"
      }
    },
    "colorette": {
      "version": "1.3.0",
      "dev": true
    },
    "console-control-strings": {
      "version": "1.1.0",
      "optional": true
    },
    "core-util-is": {
      "version": "1.0.2",
      "optional": true
    },
    "decompress-response": {
      "version": "4.2.1",
      "optional": true,
      "requires": {
        "mimic-response": "^2.0.0"
      }
    },
    "deep-extend": {
      "version": "0.6.0",
      "optional": true
    },
    "delegates": {
      "version": "1.0.0",
      "optional": true
    },
    "detect-libc": {
      "version": "1.0.3",
      "optional": true
    },
    "end-of-stream": {
      "version": "1.4.4",
      "optional": true,
      "requires": {
        "once": "^1.4.0"
      }
    },
    "esbuild": {
      "version": "0.12.23",
      "dev": true
    },
    "expand-template": {
      "version": "2.0.3",
      "optional": true
    },
    "fs-constants": {
      "version": "1.0.0",
      "optional": true
    },
    "function-bind": {
      "version": "1.1.1",
      "dev": true
    },
    "gauge": {
      "version": "2.7.4",
      "optional": true,
      "requires": {
        "aproba": "^1.0.3",
        "console-control-strings": "^1.0.0",
        "has-unicode": "^2.0.0",
        "object-assign": "^4.1.0",
        "signal-exit": "^3.0.0",
        "string-width": "^1.0.1",
        "strip-ansi": "^3.0.1",
        "wide-align": "^1.1.0"
      }
    },
    "github-from-package": {
      "version": "0.0.0",
      "optional": true
    },
    "has": {
      "version": "1.0.3",
      "dev": true,
      "requires": {
        "function-bind": "^1.1.1"
      }
    },
    "has-unicode": {
      "version": "2.0.1",
      "optional": true
    },
    "ieee754": {
      "version": "1.2.1",
      "optional": true
    },
    "inherits": {
      "version": "2.0.4",
      "optional": true
    },
    "ini": {
      "version": "1.3.8",
      "optional": true
    },
    "is-arrayish": {
      "version": "0.3.2",
      "optional": true
    },
    "is-core-module": {
      "version": "2.4.0",
      "dev": true,
      "requires": {
        "has": "^1.0.3"
      }
    },
    "is-fullwidth-code-point": {
      "version": "1.0.0",
      "optional": true,
      "requires": {
        "number-is-nan": "^1.0.0"
      }
    },
    "isarray": {
      "version": "1.0.0",
      "optional": true
    },
    "lru-cache": {
      "version": "6.0.0",
      "optional": true,
      "requires": {
        "yallist": "^4.0.0"
      }
    },
    "mimic-response": {
      "version": "2.1.0",
      "optional": true
    },
    "minimist": {
      "version": "1.2.5",
      "optional": true
    },
    "mkdirp-classic": {
      "version": "0.5.3",
      "optional": true
    },
    "nanoid": {
      "version": "3.1.25",
      "dev": true
    },
    "napi-build-utils": {
      "version": "1.0.2",
      "optional": true
    },
    "node-abi": {
      "version": "2.30.0",
      "optional": true,
      "requires": {
        "semver": "^5.4.1"
      },
      "dependencies": {
        "semver": {
          "version": "5.7.1",
          "optional": true
        }
      }
    },
    "node-addon-api": {
      "version": "3.2.1",
      "optional": true
    },
    "npmlog": {
      "version": "4.1.2",
      "optional": true,
      "requires": {
        "are-we-there-yet": "~1.1.2",
        "console-control-strings": "~1.1.0",
        "gauge": "~2.7.3",
        "set-blocking": "~2.0.0"
      }
    },
    "number-is-nan": {
      "version": "1.0.1",
      "optional": true
    },
    "object-assign": {
      "version": "4.1.1",
      "optional": true
    },
    "once": {
      "version": "1.4.0",
      "optional": true,
      "requires": {
        "wrappy": "1"
      }
    },
    "path-parse": {
      "version": "1.0.7",
      "dev": true
    },
    "postcss": {
      "version": "8.3.6",
      "dev": true,
      "requires": {
        "colorette": "^1.2.2",
        "nanoid": "^3.1.23",
        "source-map-js": "^0.6.2"
      }
    },
    "prebuild-install": {
      "version": "6.1.4",
      "optional": true,
      "requires": {
        "detect-libc": "^1.0.3",
        "expand-template": "^2.0.3",
        "github-from-package": "0.0.0",
        "minimist": "^1.2.3",
        "mkdirp-classic": "^0.5.3",
        "napi-build-utils": "^1.0.1",
        "node-abi": "^2.21.0",
        "npmlog": "^4.0.1",
        "pump": "^3.0.0",
        "rc": "^1.2.7",
        "simple-get": "^3.0.3",
        "tar-fs": "^2.0.0",
        "tunnel-agent": "^0.6.0"
      }
    },
    "process-nextick-args": {
      "version": "2.0.1",
      "optional": true
    },
    "pump": {
      "version": "3.0.0",
      "optional": true,
      "requires": {
        "end-of-stream": "^1.1.0",
        "once": "^1.3.1"
      }
    },
    "rc": {
      "version": "1.2.8",
      "optional": true,
      "requires": {
        "deep-extend": "^0.6.0",
        "ini": "~1.3.0",
        "minimist": "^1.2.0",
        "strip-json-comments": "~2.0.1"
      }
    },
    "readable-stream": {
      "version": "2.3.7",
      "optional": true,
      "requires": {
        "core-util-is": "~1.0.0",
        "inherits": "~2.0.3",
        "isarray": "~1.0.0",
        "process-nextick-args": "~2.0.0",
        "safe-buffer": "~5.1.1",
        "string_decoder": "~1.1.1",
        "util-deprecate": "~1.0.1"
      }
    },
    "resolve": {
      "version": "1.20.0",
      "dev": true,
      "requires": {
        "is-core-module": "^2.2.0",
        "path-parse": "^1.0.6"
      }
    },
    "rollup": {
      "version": "2.52.7",
      "dev": true,
      "requires": {
        "fsevents": "~2.3.2"
      }
    },
    "safe-buffer": {
      "version": "5.1.2",
      "optional": true
    },
    "semver": {
      "version": "7.3.5",
      "optional": true,
      "requires": {
        "lru-cache": "^6.0.0"
      }
    },
    "set-blocking": {
      "version": "2.0.0",
      "optional": true
    },
    "sharp": {
      "version": "0.28.3",
      "optional": true,
      "requires": {
        "color": "^3.1.3",
        "detect-libc": "^1.0.3",
        "node-addon-api": "^3.2.0",
        "prebuild-install": "^6.1.2",
        "semver": "^7.3.5",
        "simple-get": "^3.1.0",
        "tar-fs": "^2.1.1",
        "tunnel-agent": "^0.6.0"
      }
    },
    "signal-exit": {
      "version": "3.0.3",
      "optional": true
    },
    "simple-concat": {
      "version": "1.0.1",
      "optional": true
    },
    "simple-get": {
      "version": "3.1.0",
      "optional": true,
      "requires": {
        "decompress-response": "^4.2.0",
        "once": "^1.3.1",
        "simple-concat": "^1.0.0"
      }
    },
    "simple-swizzle": {
      "version": "0.2.2",
      "optional": true,
      "requires": {
        "is-arrayish": "^0.3.1"
      }
    },
    "source-map-js": {
      "version": "0.6.2",
      "dev": true
    },
    "string_decoder": {
      "version": "1.1.1",
      "optional": true,
      "requires": {
        "safe-buffer": "~5.1.0"
      }
    },
    "string-width": {
      "version": "1.0.2",
      "optional": true,
      "requires": {
        "code-point-at": "^1.0.0",
        "is-fullwidth-code-point": "^1.0.0",
        "strip-ansi": "^3.0.0"
      }
    },
    "strip-ansi": {
      "version": "3.0.1",
      "optional": true,
      "requires": {
        "ansi-regex": "^2.0.0"
      }
    },
    "strip-json-comments": {
      "version": "2.0.1",
      "optional": true
    },
    "tar-fs": {
      "version": "2.1.1",
      "optional": true,
      "requires": {
        "chownr": "^1.1.1",
        "mkdirp-classic": "^0.5.2",
        "pump": "^3.0.0",
        "tar-stream": "^2.1.4"
      }
    },
    "tar-stream": {
      "version": "2.2.0",
      "optional": true,
      "requires": {
        "bl": "^4.0.3",
        "end-of-stream": "^1.4.1",
        "fs-constants": "^1.0.0",
        "inherits": "^2.0.3",
        "readable-stream": "^3.1.1"
      },
      "dependencies": {
        "readable-stream": {
          "version": "3.6.0",
          "optional": true,
          "requires": {
            "inherits": "^2.0.3",
            "string_decoder": "^1.1.1",
            "util-deprecate": "^1.0.1"
          }
        }
      }
    },
    "tunnel-agent": {
      "version": "0.6.0",
      "optional": true,
      "requires": {
        "safe-buffer": "^5.0.1"
      }
    },
    "util-deprecate": {
      "version": "1.0.2",
      "optional": true
    },
    "vite": {
      "version": "2.5.1",
      "dev": true,
      "requires": {
        "esbuild": "^0.12.17",
        "fsevents": "~2.3.2",
        "postcss": "^8.3.6",
        "resolve": "^1.20.0",
        "rollup": "^2.38.5"
      }
    },
    "wide-align": {
      "version": "1.1.3",
      "optional": true,
      "requires": {
        "string-width": "^1.0.2 || 2"
      }
    },
    "wrappy": {
      "version": "1.0.2",
      "optional": true
    },
    "yallist": {
      "version": "4.0.0",
      "optional": true
    }
  }
}
